PODS:
  - GoogleMaps (1.10.1)
  - MBProgressHUD (0.9.1)
  - MTBBarcodeScanner (1.6.1)

DEPENDENCIES:
  - GoogleMaps
  - MBProgressHUD
  - MTBBarcodeScanner

SPEC CHECKSUMS:
  GoogleMaps: ebf08677f181d9c2dcdbd1721d206f02beccc9b1
  MBProgressHUD: c47f2c166c126cf2ce36498d80f33e754d4e93ad
  MTBBarcodeScanner: beda75d4c1e2750405f62ee53f7a7ee40bf6825b

COCOAPODS: 0.38.2
