// !$*UTF8*$!
{
	archiveVersion = 1;
	classes = {
	};
	objectVersion = 46;
	objects = {

/* Begin PBXBuildFile section */
		60BD8165A1C9C63271FE07FB /* Pods_SmartRecycle.framework in Frameworks */ = {isa = PBXBuildFile; fileRef = 17CAF60D99EE7F3DD8E851DF /* Pods_SmartRecycle.framework */; settings = {ATTRIBUTES = (Required, ); }; };
		B14296761B4ED96900963536 /* Pods_SmartRecycle.framework in Frameworks */ = {isa = PBXBuildFile; fileRef = 17CAF60D99EE7F3DD8E851DF /* Pods_SmartRecycle.framework */; };
		B14296771B4ED96900963536 /* Pods_SmartRecycle.framework in Embed Frameworks */ = {isa = PBXBuildFile; fileRef = 17CAF60D99EE7F3DD8E851DF /* Pods_SmartRecycle.framework */; settings = {ATTRIBUTES = (CodeSignOnCopy, RemoveHeadersOnCopy, ); }; };
		B19B41061B4E87C400EA94DE /* HomeViewController.swift in Sources */ = {isa = PBXBuildFile; fileRef = B19B41051B4E87C400EA94DE /* HomeViewController.swift */; };
		B19B41081B4E881300EA94DE /* RecycleViewController.swift in Sources */ = {isa = PBXBuildFile; fileRef = B19B41071B4E881300EA94DE /* RecycleViewController.swift */; };
		B1F0A6B51B4E456B00E13E98 /* AppDelegate.swift in Sources */ = {isa = PBXBuildFile; fileRef = B1F0A6B41B4E456B00E13E98 /* AppDelegate.swift */; };
		B1F0A6B71B4E456B00E13E98 /* LoginViewController.swift in Sources */ = {isa = PBXBuildFile; fileRef = B1F0A6B61B4E456B00E13E98 /* LoginViewController.swift */; };
		B1F0A6BA1B4E456B00E13E98 /* Main.storyboard in Resources */ = {isa = PBXBuildFile; fileRef = B1F0A6B81B4E456B00E13E98 /* Main.storyboard */; };
		B1F0A6BC1B4E456B00E13E98 /* Images.xcassets in Resources */ = {isa = PBXBuildFile; fileRef = B1F0A6BB1B4E456B00E13E98 /* Images.xcassets */; };
		B1F0A6BF1B4E456B00E13E98 /* LaunchScreen.xib in Resources */ = {isa = PBXBuildFile; fileRef = B1F0A6BD1B4E456B00E13E98 /* LaunchScreen.xib */; };
		B1F0A6D51B4E5E3000E13E98 /* MainTabBarController.swift in Sources */ = {isa = PBXBuildFile; fileRef = B1F0A6D41B4E5E3000E13E98 /* MainTabBarController.swift */; };
		B1F2A2B31B61F33B005A93C8 /* PromotionViewController.swift in Sources */ = {isa = PBXBuildFile; fileRef = B1F2A2B21B61F33B005A93C8 /* PromotionViewController.swift */; };
		B1F367401B60E69500362320 /* SuccessView.xib in Resources */ = {isa = PBXBuildFile; fileRef = B1F3673F1B60E69500362320 /* SuccessView.xib */; };
/* End PBXBuildFile section */

/* Begin PBXCopyFilesBuildPhase section */
		B14296781B4ED96A00963536 /* Embed Frameworks */ = {
			isa = PBXCopyFilesBuildPhase;
			buildActionMask = 2147483647;
			dstPath = "";
			dstSubfolderSpec = 10;
			files = (
				B14296771B4ED96900963536 /* Pods_SmartRecycle.framework in Embed Frameworks */,
			);
			name = "Embed Frameworks";
			runOnlyForDeploymentPostprocessing = 0;
		};
/* End PBXCopyFilesBuildPhase section */

/* Begin PBXFileReference section */
		17CAF60D99EE7F3DD8E851DF /* Pods_SmartRecycle.framework */ = {isa = PBXFileReference; explicitFileType = wrapper.framework; includeInIndex = 0; path = Pods_SmartRecycle.framework; sourceTree = BUILT_PRODUCTS_DIR; };
		9E8FF99ED255B2A30DB37DF2 /* Pods-SmartRecycle.release.xcconfig */ = {isa = PBXFileReference; includeInIndex = 1; lastKnownFileType = text.xcconfig; name = "Pods-SmartRecycle.release.xcconfig"; path = "Pods/Target Support Files/Pods-SmartRecycle/Pods-SmartRecycle.release.xcconfig"; sourceTree = "<group>"; };
		B19B41051B4E87C400EA94DE /* HomeViewController.swift */ = {isa = PBXFileReference; fileEncoding = 4; lastKnownFileType = sourcecode.swift; path = HomeViewController.swift; sourceTree = "<group>"; };
		B19B41071B4E881300EA94DE /* RecycleViewController.swift */ = {isa = PBXFileReference; fileEncoding = 4; lastKnownFileType = sourcecode.swift; path = RecycleViewController.swift; sourceTree = "<group>"; };
		B19B41091B4E891300EA94DE /* BridgingHeader.h */ = {isa = PBXFileReference; fileEncoding = 4; lastKnownFileType = sourcecode.c.h; path = BridgingHeader.h; sourceTree = "<group>"; };
		B1F0A6AF1B4E456B00E13E98 /* SmartRecycle.app */ = {isa = PBXFileReference; explicitFileType = wrapper.application; includeInIndex = 0; path = SmartRecycle.app; sourceTree = BUILT_PRODUCTS_DIR; };
		B1F0A6B31B4E456B00E13E98 /* Info.plist */ = {isa = PBXFileReference; lastKnownFileType = text.plist.xml; path = Info.plist; sourceTree = "<group>"; };
		B1F0A6B41B4E456B00E13E98 /* AppDelegate.swift */ = {isa = PBXFileReference; lastKnownFileType = sourcecode.swift; path = AppDelegate.swift; sourceTree = "<group>"; };
		B1F0A6B61B4E456B00E13E98 /* LoginViewController.swift */ = {isa = PBXFileReference; lastKnownFileType = sourcecode.swift; path = LoginViewController.swift; sourceTree = "<group>"; };
		B1F0A6B91B4E456B00E13E98 /* Base */ = {isa = PBXFileReference; lastKnownFileType = file.storyboard; name = Base; path = Base.lproj/Main.storyboard; sourceTree = "<group>"; };
		B1F0A6BB1B4E456B00E13E98 /* Images.xcassets */ = {isa = PBXFileReference; lastKnownFileType = folder.assetcatalog; path = Images.xcassets; sourceTree = "<group>"; };
		B1F0A6BE1B4E456B00E13E98 /* Base */ = {isa = PBXFileReference; lastKnownFileType = file.xib; name = Base; path = Base.lproj/LaunchScreen.xib; sourceTree = "<group>"; };
		B1F0A6D41B4E5E3000E13E98 /* MainTabBarController.swift */ = {isa = PBXFileReference; fileEncoding = 4; lastKnownFileType = sourcecode.swift; path = MainTabBarController.swift; sourceTree = "<group>"; };
		B1F2A2B21B61F33B005A93C8 /* PromotionViewController.swift */ = {isa = PBXFileReference; fileEncoding = 4; lastKnownFileType = sourcecode.swift; path = PromotionViewController.swift; sourceTree = "<group>"; };
		B1F3673F1B60E69500362320 /* SuccessView.xib */ = {isa = PBXFileReference; fileEncoding = 4; lastKnownFileType = file.xib; path = SuccessView.xib; sourceTree = "<group>"; };
		D69AE5FBE0A53E35E156A30A /* Pods-SmartRecycle.debug.xcconfig */ = {isa = PBXFileReference; includeInIndex = 1; lastKnownFileType = text.xcconfig; name = "Pods-SmartRecycle.debug.xcconfig"; path = "Pods/Target Support Files/Pods-SmartRecycle/Pods-SmartRecycle.debug.xcconfig"; sourceTree = "<group>"; };
/* End PBXFileReference section */

/* Begin PBXFrameworksBuildPhase section */
		B1F0A6AC1B4E456B00E13E98 /* Frameworks */ = {
			isa = PBXFrameworksBuildPhase;
			buildActionMask = 2147483647;
			files = (
				B14296761B4ED96900963536 /* Pods_SmartRecycle.framework in Frameworks */,
				60BD8165A1C9C63271FE07FB /* Pods_SmartRecycle.framework in Frameworks */,
			);
			runOnlyForDeploymentPostprocessing = 0;
		};
/* End PBXFrameworksBuildPhase section */

/* Begin PBXGroup section */
		8CD3DA01AF10C98E1BC94CC8 /* Frameworks */ = {
			isa = PBXGroup;
			children = (
				17CAF60D99EE7F3DD8E851DF /* Pods_SmartRecycle.framework */,
			);
			name = Frameworks;
			sourceTree = "<group>";
		};
		B1F0A6A61B4E456B00E13E98 = {
			isa = PBXGroup;
			children = (
				B1F0A6B11B4E456B00E13E98 /* SmartRecycle */,
				B1F0A6B01B4E456B00E13E98 /* Products */,
				EE5E4B8089272704323CD572 /* Pods */,
				8CD3DA01AF10C98E1BC94CC8 /* Frameworks */,
			);
			sourceTree = "<group>";
		};
		B1F0A6B01B4E456B00E13E98 /* Products */ = {
			isa = PBXGroup;
			children = (
				B1F0A6AF1B4E456B00E13E98 /* SmartRecycle.app */,
			);
			name = Products;
			sourceTree = "<group>";
		};
		B1F0A6B11B4E456B00E13E98 /* SmartRecycle */ = {
			isa = PBXGroup;
			children = (
				B1F0A6B41B4E456B00E13E98 /* AppDelegate.swift */,
				B1F0A6B61B4E456B00E13E98 /* LoginViewController.swift */,
				B1F0A6D41B4E5E3000E13E98 /* MainTabBarController.swift */,
				B19B41051B4E87C400EA94DE /* HomeViewController.swift */,
				B19B41071B4E881300EA94DE /* RecycleViewController.swift */,
				B1F2A2B21B61F33B005A93C8 /* PromotionViewController.swift */,
				B1F0A6B81B4E456B00E13E98 /* Main.storyboard */,
				B1F3673F1B60E69500362320 /* SuccessView.xib */,
				B19B41091B4E891300EA94DE /* BridgingHeader.h */,
				B1F0A6BB1B4E456B00E13E98 /* Images.xcassets */,
				B1F0A6BD1B4E456B00E13E98 /* LaunchScreen.xib */,
				B1F0A6B21B4E456B00E13E98 /* Supporting Files */,
			);
			path = SmartRecycle;
			sourceTree = "<group>";
		};
		B1F0A6B21B4E456B00E13E98 /* Supporting Files */ = {
			isa = PBXGroup;
			children = (
				B1F0A6B31B4E456B00E13E98 /* Info.plist */,
			);
			name = "Supporting Files";
			sourceTree = "<group>";
		};
		EE5E4B8089272704323CD572 /* Pods */ = {
			isa = PBXGroup;
			children = (
				D69AE5FBE0A53E35E156A30A /* Pods-SmartRecycle.debug.xcconfig */,
				9E8FF99ED255B2A30DB37DF2 /* Pods-SmartRecycle.release.xcconfig */,
			);
			name = Pods;
			sourceTree = "<group>";
		};
/* End PBXGroup section */

/* Begin PBXNativeTarget section */
		B1F0A6AE1B4E456B00E13E98 /* SmartRecycle */ = {
			isa = PBXNativeTarget;
			buildConfigurationList = B1F0A6CE1B4E456C00E13E98 /* Build configuration list for PBXNativeTarget "SmartRecycle" */;
			buildPhases = (
				679FC4D1B26E9507E58644F1 /* Check Pods Manifest.lock */,
				B1F0A6AB1B4E456B00E13E98 /* Sources */,
				B1F0A6AC1B4E456B00E13E98 /* Frameworks */,
				B1F0A6AD1B4E456B00E13E98 /* Resources */,
				C5F39FF09851BAAA0544B1EA /* Copy Pods Resources */,
				F4DEAD202770C54DAAADD3CB /* Embed Pods Frameworks */,
				B14296781B4ED96A00963536 /* Embed Frameworks */,
			);
			buildRules = (
			);
			dependencies = (
			);
			name = SmartRecycle;
			productName = SmartRecycle;
			productReference = B1F0A6AF1B4E456B00E13E98 /* SmartRecycle.app */;
			productType = "com.apple.product-type.application";
		};
/* End PBXNativeTarget section */

/* Begin PBXProject section */
		B1F0A6A71B4E456B00E13E98 /* Project object */ = {
			isa = PBXProject;
			attributes = {
				LastUpgradeCheck = 0640;
				ORGANIZATIONNAME = "Gu Junchao";
				TargetAttributes = {
					B1F0A6AE1B4E456B00E13E98 = {
						CreatedOnToolsVersion = 6.4;
						SystemCapabilities = {
							com.apple.Maps.iOS = {
								enabled = 0;
							};
						};
					};
				};
			};
			buildConfigurationList = B1F0A6AA1B4E456B00E13E98 /* Build configuration list for PBXProject "SmartRecycle" */;
			compatibilityVersion = "Xcode 3.2";
			developmentRegion = English;
			hasScannedForEncodings = 0;
			knownRegions = (
				en,
				Base,
			);
			mainGroup = B1F0A6A61B4E456B00E13E98;
			productRefGroup = B1F0A6B01B4E456B00E13E98 /* Products */;
			projectDirPath = "";
			projectRoot = "";
			targets = (
				B1F0A6AE1B4E456B00E13E98 /* SmartRecycle */,
			);
		};
/* End PBXProject section */

/* Begin PBXResourcesBuildPhase section */
		B1F0A6AD1B4E456B00E13E98 /* Resources */ = {
			isa = PBXResourcesBuildPhase;
			buildActionMask = 2147483647;
			files = (
				B1F367401B60E69500362320 /* SuccessView.xib in Resources */,
				B1F0A6BA1B4E456B00E13E98 /* Main.storyboard in Resources */,
				B1F0A6BF1B4E456B00E13E98 /* LaunchScreen.xib in Resources */,
				B1F0A6BC1B4E456B00E13E98 /* Images.xcassets in Resources */,
			);
			runOnlyForDeploymentPostprocessing = 0;
		};
/* End PBXResourcesBuildPhase section */

/* Begin PBXShellScriptBuildPhase section */
		679FC4D1B26E9507E58644F1 /* Check Pods Manifest.lock */ = {
			isa = PBXShellScriptBuildPhase;
			buildActionMask = 2147483647;
			files = (
			);
			inputPaths = (
			);
			name = "Check Pods Manifest.lock";
			outputPaths = (
			);
			runOnlyForDeploymentPostprocessing = 0;
			shellPath = /bin/sh;
			shellScript = "diff \"${PODS_ROOT}/../Podfile.lock\" \"${PODS_ROOT}/Manifest.lock\" > /dev/null\nif [[ $? != 0 ]] ; then\n    cat << EOM\nerror: The sandbox is not in sync with the Podfile.lock. Run 'pod install' or update your CocoaPods installation.\nEOM\n    exit 1\nfi\n";
			showEnvVarsInLog = 0;
		};
		C5F39FF09851BAAA0544B1EA /* Copy Pods Resources */ = {
			isa = PBXShellScriptBuildPhase;
			buildActionMask = 2147483647;
			files = (
			);
			inputPaths = (
			);
			name = "Copy Pods Resources";
			outputPaths = (
			);
			runOnlyForDeploymentPostprocessing = 0;
			shellPath = /bin/sh;
			shellScript = "\"${SRCROOT}/Pods/Target Support Files/Pods-SmartRecycle/Pods-SmartRecycle-resources.sh\"\n";
			showEnvVarsInLog = 0;
		};
		F4DEAD202770C54DAAADD3CB /* Embed Pods Frameworks */ = {
			isa = PBXShellScriptBuildPhase;
			buildActionMask = 2147483647;
			files = (
			);
			inputPaths = (
			);
			name = "Embed Pods Frameworks";
			outputPaths = (
			);
			runOnlyForDeploymentPostprocessing = 0;
			shellPath = /bin/sh;
			shellScript = "\"${SRCROOT}/Pods/Target Support Files/Pods-SmartRecycle/Pods-SmartRecycle-frameworks.sh\"\n";
			showEnvVarsInLog = 0;
		};
/* End PBXShellScriptBuildPhase section */

/* Begin PBXSourcesBuildPhase section */
		B1F0A6AB1B4E456B00E13E98 /* Sources */ = {
			isa = PBXSourcesBuildPhase;
			buildActionMask = 2147483647;
			files = (
				B1F0A6D51B4E5E3000E13E98 /* MainTabBarController.swift in Sources */,
				B1F0A6B71B4E456B00E13E98 /* LoginViewController.swift in Sources */,
				B19B41081B4E881300EA94DE /* RecycleViewController.swift in Sources */,
				B1F0A6B51B4E456B00E13E98 /* AppDelegate.swift in Sources */,
				B19B41061B4E87C400EA94DE /* HomeViewController.swift in Sources */,
				B1F2A2B31B61F33B005A93C8 /* PromotionViewController.swift in Sources */,
			);
			runOnlyForDeploymentPostprocessing = 0;
		};
/* End PBXSourcesBuildPhase section */

/* Begin PBXVariantGroup section */
		B1F0A6B81B4E456B00E13E98 /* Main.storyboard */ = {
			isa = PBXVariantGroup;
			children = (
				B1F0A6B91B4E456B00E13E98 /* Base */,
			);
			name = Main.storyboard;
			sourceTree = "<group>";
		};
		B1F0A6BD1B4E456B00E13E98 /* LaunchScreen.xib */ = {
			isa = PBXVariantGroup;
			children = (
				B1F0A6BE1B4E456B00E13E98 /* Base */,
			);
			name = LaunchScreen.xib;
			sourceTree = "<group>";
		};
/* End PBXVariantGroup section */

/* Begin XCBuildConfiguration section */
		B1F0A6CC1B4E456C00E13E98 /* Debug */ = {
			isa = XCBuildConfiguration;
			buildSettings = {
				ALWAYS_SEARCH_USER_PATHS = NO;
				CLANG_CXX_LANGUAGE_STANDARD = "gnu++0x";
				CLANG_CXX_LIBRARY = "libc++";
				CLANG_ENABLE_MODULES = YES;
				CLANG_ENABLE_OBJC_ARC = YES;
				CLANG_WARN_BOOL_CONVERSION = YES;
				CLANG_WARN_CONSTANT_CONVERSION = YES;
				CLANG_WARN_DIRECT_OBJC_ISA_USAGE = YES_ERROR;
				CLANG_WARN_EMPTY_BODY = YES;
				CLANG_WARN_ENUM_CONVERSION = YES;
				CLANG_WARN_INT_CONVERSION = YES;
				CLANG_WARN_OBJC_ROOT_CLASS = YES_ERROR;
				CLANG_WARN_UNREACHABLE_CODE = YES;
				CLANG_WARN__DUPLICATE_METHOD_MATCH = YES;
				"CODE_SIGN_IDENTITY[sdk=iphoneos*]" = "iPhone Developer";
				COPY_PHASE_STRIP = NO;
				DEBUG_INFORMATION_FORMAT = "dwarf-with-dsym";
				ENABLE_STRICT_OBJC_MSGSEND = YES;
				GCC_C_LANGUAGE_STANDARD = gnu99;
				GCC_DYNAMIC_NO_PIC = NO;
				GCC_NO_COMMON_BLOCKS = YES;
				GCC_OPTIMIZATION_LEVEL = 0;
				GCC_PREPROCESSOR_DEFINITIONS = (
					"DEBUG=1",
					"$(inherited)",
				);
				GCC_SYMBOLS_PRIVATE_EXTERN = NO;
				GCC_WARN_64_TO_32_BIT_CONVERSION = YES;
				GCC_WARN_ABOUT_RETURN_TYPE = YES_ERROR;
				GCC_WARN_UNDECLARED_SELECTOR = YES;
				GCC_WARN_UNINITIALIZED_AUTOS = YES_AGGRESSIVE;
				GCC_WARN_UNUSED_FUNCTION = YES;
				GCC_WARN_UNUSED_VARIABLE = YES;
				IPHONEOS_DEPLOYMENT_TARGET = 8.0;
				MTL_ENABLE_DEBUG_INFO = YES;
				ONLY_ACTIVE_ARCH = YES;
				OTHER_LDFLAGS = "-ObjC";
				SDKROOT = iphoneos;
				SWIFT_OPTIMIZATION_LEVEL = "-Onone";
			};
			name = Debug;
		};
		B1F0A6CD1B4E456C00E13E98 /* Release */ = {
			isa = XCBuildConfiguration;
			buildSettings = {
				ALWAYS_SEARCH_USER_PATHS = NO;
				CLANG_CXX_LANGUAGE_STANDARD = "gnu++0x";
				CLANG_CXX_LIBRARY = "libc++";
				CLANG_ENABLE_MODULES = YES;
				CLANG_ENABLE_OBJC_ARC = YES;
				CLANG_WARN_BOOL_CONVERSION = YES;
				CLANG_WARN_CONSTANT_CONVERSION = YES;
				CLANG_WARN_DIRECT_OBJC_ISA_USAGE = YES_ERROR;
				CLANG_WARN_EMPTY_BODY = YES;
				CLANG_WARN_ENUM_CONVERSION = YES;
				CLANG_WARN_INT_CONVERSION = YES;
				CLANG_WARN_OBJC_ROOT_CLASS = YES_ERROR;
				CLANG_WARN_UNREACHABLE_CODE = YES;
				CLANG_WARN__DUPLICATE_METHOD_MATCH = YES;
				"CODE_SIGN_IDENTITY[sdk=iphoneos*]" = "iPhone Developer";
				COPY_PHASE_STRIP = NO;
				DEBUG_INFORMATION_FORMAT = "dwarf-with-dsym";
				ENABLE_NS_ASSERTIONS = NO;
				ENABLE_STRICT_OBJC_MSGSEND = YES;
				GCC_C_LANGUAGE_STANDARD = gnu99;
				GCC_NO_COMMON_BLOCKS = YES;
				GCC_WARN_64_TO_32_BIT_CONVERSION = YES;
				GCC_WARN_ABOUT_RETURN_TYPE = YES_ERROR;
				GCC_WARN_UNDECLARED_SELECTOR = YES;
				GCC_WARN_UNINITIALIZED_AUTOS = YES_AGGRESSIVE;
				GCC_WARN_UNUSED_FUNCTION = YES;
				GCC_WARN_UNUSED_VARIABLE = YES;
				IPHONEOS_DEPLOYMENT_TARGET = 8.0;
				MTL_ENABLE_DEBUG_INFO = NO;
				SDKROOT = iphoneos;
				VALIDATE_PRODUCT = YES;
			};
			name = Release;
		};
		B1F0A6CF1B4E456C00E13E98 /* Debug */ = {
			isa = XCBuildConfiguration;
			baseConfigurationReference = D69AE5FBE0A53E35E156A30A /* Pods-SmartRecycle.debug.xcconfig */;
			buildSettings = {
				ASSETCATALOG_COMPILER_APPICON_NAME = AppIcon;
				INFOPLIST_FILE = SmartRecycle/Info.plist;
				LD_RUNPATH_SEARCH_PATHS = "$(inherited) @executable_path/Frameworks";
				PRODUCT_NAME = "$(TARGET_NAME)";
				SWIFT_OBJC_BRIDGING_HEADER = SmartRecycle/BridgingHeader.h;
			};
			name = Debug;
		};
		B1F0A6D01B4E456C00E13E98 /* Release */ = {
			isa = XCBuildConfiguration;
			baseConfigurationReference = 9E8FF99ED255B2A30DB37DF2 /* Pods-SmartRecycle.release.xcconfig */;
			buildSettings = {
				ASSETCATALOG_COMPILER_APPICON_NAME = AppIcon;
				INFOPLIST_FILE = SmartRecycle/Info.plist;
				LD_RUNPATH_SEARCH_PATHS = "$(inherited) @executable_path/Frameworks";
				PRODUCT_NAME = "$(TARGET_NAME)";
				SWIFT_OBJC_BRIDGING_HEADER = SmartRecycle/BridgingHeader.h;
			};
			name = Release;
		};
/* End XCBuildConfiguration section */

/* Begin XCConfigurationList section */
		B1F0A6AA1B4E456B00E13E98 /* Build configuration list for PBXProject "SmartRecycle" */ = {
			isa = XCConfigurationList;
			buildConfigurations = (
				B1F0A6CC1B4E456C00E13E98 /* Debug */,
				B1F0A6CD1B4E456C00E13E98 /* Release */,
			);
			defaultConfigurationIsVisible = 0;
			defaultConfigurationName = Release;
		};
		B1F0A6CE1B4E456C00E13E98 /* Build configuration list for PBXNativeTarget "SmartRecycle" */ = {
			isa = XCConfigurationList;
			buildConfigurations = (
				B1F0A6CF1B4E456C00E13E98 /* Debug */,
				B1F0A6D01B4E456C00E13E98 /* Release */,
			);
			defaultConfigurationIsVisible = 0;
			defaultConfigurationName = Release;
		};
/* End XCConfigurationList section */
	};
	rootObject = B1F0A6A71B4E456B00E13E98 /* Project object */;
}
